quay.io/keycloak/keycloak:26.7@sha256:37dbaf6f0722c9ec246335f36e1ef8b2e6cb960f7c27e0d8c615121a3d475a85
clamav/clamav:1.4@sha256:57deb108fc4c72778aa83eafbca7bb7153e28c3f57c005afd38d31f16da86f23
ghcr.io/amacneil/dbmate:2@sha256:520c740c6e0ad73fde2cd1ea7e2b779aaf789d22aca8858f87a478e7094535fb
grafana/k6:0.54.0@sha256:1f40432b1cbe7234e977f96c362c9bc550a2d2b583d014dd8669fe40d3e9e755
restic/restic:0.17.3@sha256:8f5a62b422a2cb1277ea0dd6e826fe1acf649e5b9f02d60e5268d5fd1976255a
prom/prometheus:v2.55.1@sha256:2659f4c2ebb718e7695cb9b25ffa7d6be64db013daba13e05c875451cf51b0d3
